
Microsoft Visual Studio Solution File, Format Version 12.00
# Visual Studio 15
VisualStudioVersion = 15.0.28010.2048
MinimumVisualStudioVersion = 10.0.40219.1
Project("{FAE04EC0-301F-11D3-BF4B-00C04F79EFBC}") = "Video Rental Shop", "Video Rental Shop\Video Rental Shop.csproj", "{F488E1AD-1D0B-47BD-A2FE-C23C607804DD}"
EndProject
Global
	GlobalSection(SolutionConfigurationPlatforms) = preSolution
		Debug|Any CPU = Debug|Any CPU
		Release|Any CPU = Release|Any CPU
	EndGlobalSection
	GlobalSection(ProjectConfigurationPlatforms) = postSolution
		{F488E1AD-1D0B-47BD-A2FE-C23C607804DD}.Debug|Any CPU.ActiveCfg = Debug|Any CPU
		{F488E1AD-1D0B-47BD-A2FE-C23C607804DD}.Debug|Any CPU.Build.0 = Debug|Any CPU
		{F488E1AD-1D0B-47BD-A2FE-C23C607804DD}.Release|Any CPU.ActiveCfg = Release|Any CPU
		{F488E1AD-1D0B-47BD-A2FE-C23C607804DD}.Release|Any CPU.Build.0 = Release|Any CPU
	EndGlobalSection
	GlobalSection(SolutionProperties) = preSolution
		HideSolutionNode = FALSE
	EndGlobalSection
	GlobalSection(ExtensibilityGlobals) = postSolution
		SolutionGuid = {FFF1856A-3023-45BB-87EF-CCB9184CBCFD}
	EndGlobalSection
EndGlobal
